
Microsoft Visual Studio Solution File, Format Version 12.00
# Visual Studio Version 17
VisualStudioVersion = 17.6.33829.357
MinimumVisualStudioVersion = 10.0.40219.1
Project("{FAE04EC0-301F-11D3-BF4B-00C04F79EFBC}") = "Tarea2Mike", "Tarea2Mike.csproj", "{929332F6-6610-4107-895C-0CFEDF085281}"
EndProject
Global
	GlobalSection(SolutionConfigurationPlatforms) = preSolution
		Debug|Any CPU = Debug|Any CPU
		Release|Any CPU = Release|Any CPU
	EndGlobalSection
	GlobalSection(ProjectConfigurationPlatforms) = postSolution
		{929332F6-6610-4107-895C-0CFEDF085281}.Debug|Any CPU.ActiveCfg = Debug|Any CPU
		{929332F6-6610-4107-895C-0CFEDF085281}.Debug|Any CPU.Build.0 = Debug|Any CPU
		{929332F6-6610-4107-895C-0CFEDF085281}.Release|Any CPU.ActiveCfg = Release|Any CPU
		{929332F6-6610-4107-895C-0CFEDF085281}.Release|Any CPU.Build.0 = Release|Any CPU
	EndGlobalSection
	GlobalSection(SolutionProperties) = preSolution
		HideSolutionNode = FALSE
	EndGlobalSection
	GlobalSection(ExtensibilityGlobals) = postSolution
		SolutionGuid = {3E245D83-2E7B-44C9-920C-71BF3634E421}
	EndGlobalSection
EndGlobal
